
Microsoft Visual Studio Solution File, Format Version 12.00
# Visual Studio Version 17
VisualStudioVersion = 17.7.34018.315
MinimumVisualStudioVersion = 10.0.40219.1
Project("{FAE04EC0-301F-11D3-BF4B-00C04F79EFBC}") = "RoslynCommonAnalyzers", "RoslynCommonAnalyzers\RoslynCommonAnalyzers\RoslynCommonAnalyzers.csproj", "{558FAEDF-B5C1-42B9-86CC-85E92A0886C8}"
EndProject
Project("{FAE04EC0-301F-11D3-BF4B-00C04F79EFBC}") = "RoslynCommonAnalyzers.CodeFixes", "RoslynCommonAnalyzers\RoslynCommonAnalyzers.CodeFixes\RoslynCommonAnalyzers.CodeFixes.csproj", "{0D3BBC63-D371-4D68-91F6-0968D9EE08C0}"
EndProject
Project("{FAE04EC0-301F-11D3-BF4B-00C04F79EFBC}") = "RoslynCommonAnalyzers.Package", "RoslynCommonAnalyzers\RoslynCommonAnalyzers.Package\RoslynCommonAnalyzers.Package.csproj", "{1C0301E8-BADF-4BDD-908C-3D279987C614}"
EndProject
Project("{FAE04EC0-301F-11D3-BF4B-00C04F79EFBC}") = "RoslynCommonAnalyzers.Test", "RoslynCommonAnalyzers\RoslynCommonAnalyzers.Test\RoslynCommonAnalyzers.Test.csproj", "{A0791E1F-E7ED-4956-B807-39FD2CB892C1}"
EndProject
Project("{FAE04EC0-301F-11D3-BF4B-00C04F79EFBC}") = "RoslynCommonAnalyzers.Vsix", "RoslynCommonAnalyzers\RoslynCommonAnalyzers.Vsix\RoslynCommonAnalyzers.Vsix.csproj", "{50967D34-D7A2-48C4-AB3E-501B292185E9}"
EndProject
Global
	GlobalSection(SolutionConfigurationPlatforms) = preSolution
		Debug|Any CPU = Debug|Any CPU
		Release|Any CPU = Release|Any CPU
	EndGlobalSection
	GlobalSection(ProjectConfigurationPlatforms) = postSolution
		{558FAEDF-B5C1-42B9-86CC-85E92A0886C8}.Debug|Any CPU.ActiveCfg = Debug|Any CPU
		{558FAEDF-B5C1-42B9-86CC-85E92A0886C8}.Debug|Any CPU.Build.0 = Debug|Any CPU
		{558FAEDF-B5C1-42B9-86CC-85E92A0886C8}.Release|Any CPU.ActiveCfg = Release|Any CPU
		{558FAEDF-B5C1-42B9-86CC-85E92A0886C8}.Release|Any CPU.Build.0 = Release|Any CPU
		{0D3BBC63-D371-4D68-91F6-0968D9EE08C0}.Debug|Any CPU.ActiveCfg = Debug|Any CPU
		{0D3BBC63-D371-4D68-91F6-0968D9EE08C0}.Debug|Any CPU.Build.0 = Debug|Any CPU
		{0D3BBC63-D371-4D68-91F6-0968D9EE08C0}.Release|Any CPU.ActiveCfg = Release|Any CPU
		{0D3BBC63-D371-4D68-91F6-0968D9EE08C0}.Release|Any CPU.Build.0 = Release|Any CPU
		{1C0301E8-BADF-4BDD-908C-3D279987C614}.Debug|Any CPU.ActiveCfg = Debug|Any CPU
		{1C0301E8-BADF-4BDD-908C-3D279987C614}.Debug|Any CPU.Build.0 = Debug|Any CPU
		{1C0301E8-BADF-4BDD-908C-3D279987C614}.Release|Any CPU.ActiveCfg = Release|Any CPU
		{1C0301E8-BADF-4BDD-908C-3D279987C614}.Release|Any CPU.Build.0 = Release|Any CPU
		{A0791E1F-E7ED-4956-B807-39FD2CB892C1}.Debug|Any CPU.ActiveCfg = Debug|Any CPU
		{A0791E1F-E7ED-4956-B807-39FD2CB892C1}.Debug|Any CPU.Build.0 = Debug|Any CPU
		{A0791E1F-E7ED-4956-B807-39FD2CB892C1}.Release|Any CPU.ActiveCfg = Release|Any CPU
		{A0791E1F-E7ED-4956-B807-39FD2CB892C1}.Release|Any CPU.Build.0 = Release|Any CPU
		{50967D34-D7A2-48C4-AB3E-501B292185E9}.Debug|Any CPU.ActiveCfg = Debug|Any CPU
		{50967D34-D7A2-48C4-AB3E-501B292185E9}.Debug|Any CPU.Build.0 = Debug|Any CPU
		{50967D34-D7A2-48C4-AB3E-501B292185E9}.Release|Any CPU.ActiveCfg = Release|Any CPU
		{50967D34-D7A2-48C4-AB3E-501B292185E9}.Release|Any CPU.Build.0 = Release|Any CPU
	EndGlobalSection
	GlobalSection(SolutionProperties) = preSolution
		HideSolutionNode = FALSE
	EndGlobalSection
	GlobalSection(ExtensibilityGlobals) = postSolution
		SolutionGuid = {B0E0A2DE-4306-4AAC-98E6-3ED36A126437}
	EndGlobalSection
EndGlobal
